<?xml version="1.0" encoding="utf-8"?>
<Project ToolsVersion="4.0" xmlns="http://schemas.microsoft.com/developer/msbuild/2003">
  <ItemGroup>
    <Filter Include="Source Files">
      <UniqueIdentifier>{4FC737F1-C7A5-4376-A066-2A32D752A2FF}</UniqueIdentifier>
      <Extensions>cpp;c;cc;cxx;c++;cppm;ixx;def;odl;idl;hpj;bat;asm;asmx</Extensions>
    </Filter>
    <Filter Include="Header Files">
      <UniqueIdentifier>{93995380-89BD-4b04-88EB-625FBE52EBFB}</UniqueIdentifier>
      <Extensions>h;hh;hpp;hxx;h++;hm;inl;inc;ipp;xsd</Extensions>
    </Filter>
    <Filter Include="Resource Files">
      <UniqueIdentifier>{67DA6AB6-F800-4c08-8B7A-83BB121AAD01}</UniqueIdentifier>
      <Extensions>rc;ico;cur;bmp;dlg;rc2;rct;bin;rgs;gif;jpg;jpeg;jpe;resx;tiff;tif;png;wav;mfcribbon-ms</Extensions>
    </Filter>
    <Filter Include="Header Files\SDL">
      <UniqueIdentifier>{333a9a1f-3c99-4c4d-a21a-bb9adf3c9734}</UniqueIdentifier>
    </Filter>
    <Filter Include="Source Files\SDL">
      <UniqueIdentifier>{640f12ca-d643-40b6-8314-64640518ec77}</UniqueIdentifier>
    </Filter>
    <Filter Include="Source Files\GL">
      <UniqueIdentifier>{ce871f5f-5680-4e7d-9637-87b28ea55c76}</UniqueIdentifier>
    </Filter>
    <Filter Include="Header Files\GL">
      <UniqueIdentifier>{736289c8-b639-40d1-a7d6-3fcc43fc3be9}</UniqueIdentifier>
    </Filter>
    <Filter Include="Source Files\SoLoud">
      <UniqueIdentifier>{7b2403eb-f910-4716-ad8d-bac3acdbc01a}</UniqueIdentifier>
    </Filter>
    <Filter Include="Header Files\SoLoud">
      <UniqueIdentifier>{d18ec334-267e-4eec-b194-281edc02bcb4}</UniqueIdentifier>
    </Filter>
  </ItemGroup>
  <ItemGroup>
    <ClCompile Include="Internal.cpp">
      <Filter>Source Files</Filter>
    </ClCompile>
    <ClCompile Include="TimeSystem.cpp">
      <Filter>Source Files</Filter>
    </ClCompile>
    <ClCompile Include="EventSystem_SDL.cpp">
      <Filter>Source Files\SDL</Filter>
    </ClCompile>
    <ClCompile Include="RenderSystem_SDL.cpp">
      <Filter>Source Files\SDL</Filter>
    </ClCompile>
    <ClCompile Include="stb_image.cpp">
      <Filter>Source Files</Filter>
    </ClCompile>
    <ClCompile Include="pch.cpp">
      <Filter>Source Files</Filter>
    </ClCompile>
    <ClCompile Include="Sprite.cpp">
      <Filter>Source Files</Filter>
    </ClCompile>
    <ClCompile Include="Camera.cpp">
      <Filter>Source Files</Filter>
    </ClCompile>
    <ClCompile Include="Texture_GL.cpp">
      <Filter>Source Files\GL</Filter>
    </ClCompile>
    <ClCompile Include="SoundSystem_SoLoud.cpp">
      <Filter>Source Files\SoLoud</Filter>
    </ClCompile>
    <ClCompile Include="Entry_SDL.cpp">
      <Filter>Source Files\SDL</Filter>
    </ClCompile>
    <ClCompile Include="SpriteBatch_GL.cpp">
      <Filter>Source Files\GL</Filter>
    </ClCompile>
    <ClCompile Include="TextureRegion.cpp">
      <Filter>Source Files</Filter>
    </ClCompile>
    <ClCompile Include="Atlas_GL.cpp">
      <Filter>Source Files\GL</Filter>
    </ClCompile>
    <ClCompile Include="Entity.cpp">
      <Filter>Source Files</Filter>
    </ClCompile>
    <ClCompile Include="Component.cpp">
      <Filter>Source Files</Filter>
    </ClCompile>
    <ClCompile Include="Scene.cpp">
      <Filter>Source Files</Filter>
    </ClCompile>
    <ClCompile Include="Serialisable.cpp">
      <Filter>Source Files</Filter>
    </ClCompile>
    <ClCompile Include="CoreSystem.cpp">
      <Filter>Source Files</Filter>
    </ClCompile>
  </ItemGroup>
  <ItemGroup>
    <ClInclude Include="Application.h">
      <Filter>Header Files</Filter>
    </ClInclude>
    <ClInclude Include="Spite.h">
      <Filter>Header Files</Filter>
    </ClInclude>
    <ClInclude Include="Internal.h">
      <Filter>Header Files</Filter>
    </ClInclude>
    <ClInclude Include="TimeSystem.h">
      <Filter>Header Files</Filter>
    </ClInclude>
    <ClInclude Include="RenderSystem.h">
      <Filter>Header Files</Filter>
    </ClInclude>
    <ClInclude Include="Subsystem.h">
      <Filter>Header Files</Filter>
    </ClInclude>
    <ClInclude Include="EventSystem.h">
      <Filter>Header Files</Filter>
    </ClInclude>
    <ClInclude Include="EventSystem_SDL.h">
      <Filter>Header Files\SDL</Filter>
    </ClInclude>
    <ClInclude Include="RenderSystem_SDL.h">
      <Filter>Header Files\SDL</Filter>
    </ClInclude>
    <ClInclude Include="pch.h">
      <Filter>Header Files</Filter>
    </ClInclude>
    <ClInclude Include="Sprite.h">
      <Filter>Header Files</Filter>
    </ClInclude>
    <ClInclude Include="Camera.h">
      <Filter>Header Files</Filter>
    </ClInclude>
    <ClInclude Include="Texture.h">
      <Filter>Header Files</Filter>
    </ClInclude>
    <ClInclude Include="Texture_GL.h">
      <Filter>Header Files\GL</Filter>
    </ClInclude>
    <ClInclude Include="SoundSystem.h">
      <Filter>Header Files</Filter>
    </ClInclude>
    <ClInclude Include="SoundSystem_SoLoud.h">
      <Filter>Header Files\SoLoud</Filter>
    </ClInclude>
    <ClInclude Include="SpriteBatch.h">
      <Filter>Header Files</Filter>
    </ClInclude>
    <ClInclude Include="SpriteBatch_GL.h">
      <Filter>Header Files\GL</Filter>
    </ClInclude>
    <ClInclude Include="TextureRegion.h">
      <Filter>Header Files</Filter>
    </ClInclude>
    <ClInclude Include="Atlas.h">
      <Filter>Header Files</Filter>
    </ClInclude>
    <ClInclude Include="Atlas_GL.h">
      <Filter>Header Files\GL</Filter>
    </ClInclude>
    <ClInclude Include="Entity.h">
      <Filter>Header Files</Filter>
    </ClInclude>
    <ClInclude Include="Component.h">
      <Filter>Header Files</Filter>
    </ClInclude>
    <ClInclude Include="Scene.h">
      <Filter>Header Files</Filter>
    </ClInclude>
    <ClInclude Include="Serialisable.h">
      <Filter>Header Files</Filter>
    </ClInclude>
    <ClInclude Include="CoreSystem.h">
      <Filter>Header Files</Filter>
    </ClInclude>
  </ItemGroup>
  <ItemGroup>
    <None Include="sprite_batch_ssbo_fs.glsl">
      <Filter>Resource Files</Filter>
    </None>
    <None Include="sprite_batch_ssbo_vs.glsl">
      <Filter>Resource Files</Filter>
    </None>
  </ItemGroup>
</Project>